
Microsoft Visual Studio Solution File, Format Version 12.00
# Visual Studio Version 17
VisualStudioVersion = 17.1.31903.286
MinimumVisualStudioVersion = 10.0.40219.1
Project("{2150E333-8FDC-42A3-9474-1A3956D46DE8}") = "src", "src", "{4AE32A8E-6CBE-4ED6-AAC2-8B15CC50EC03}"
EndProject
Project("{9A19103F-16F7-4668-BE54-9A1E7A4F7556}") = "Congo.WebApi", "src\Congo.WebApi\Congo.WebApi.csproj", "{B99C12F3-BE32-458E-81F7-040DC27171EB}"
EndProject
Project("{9A19103F-16F7-4668-BE54-9A1E7A4F7556}") = "Congo.RazorPages", "src\Congo.RazorPages\Congo.RazorPages.csproj", "{A463C438-132C-4B58-8194-D1CE0C36103E}"
EndProject
Project("{9A19103F-16F7-4668-BE54-9A1E7A4F7556}") = "Congo.Blazor", "src\Congo.Blazor\Congo.Blazor.csproj", "{AFFBCA99-CAD4-4A65-BE63-55AB660EA7FE}"
EndProject
Project("{9A19103F-16F7-4668-BE54-9A1E7A4F7556}") = "Congo.Contracts", "src\Congo.Contracts\Congo.Contracts.csproj", "{65330B2E-F3BE-468A-8D19-4E32486C6F15}"
EndProject
Project("{2150E333-8FDC-42A3-9474-1A3956D46DE8}") = "Solution Items", "Solution Items", "{C800FFCE-E5BD-4E0D-AD53-44C303F94439}"
	ProjectSection(SolutionItems) = preProject
		.editorconfig = .editorconfig
		.gitattributes = .gitattributes
		.gitignore = .gitignore
		README.md = README.md
	EndProjectSection
EndProject
Project("{9A19103F-16F7-4668-BE54-9A1E7A4F7556}") = "Congo.WebApi.Tests", "src\Congo.WebApi.Tests\Congo.WebApi.Tests.csproj", "{51E6A033-DDB5-4834-934D-AD54A3AF83B8}"
EndProject
Global
	GlobalSection(SolutionConfigurationPlatforms) = preSolution
		Debug|Any CPU = Debug|Any CPU
		Release|Any CPU = Release|Any CPU
	EndGlobalSection
	GlobalSection(ProjectConfigurationPlatforms) = postSolution
		{B99C12F3-BE32-458E-81F7-040DC27171EB}.Debug|Any CPU.ActiveCfg = Debug|Any CPU
		{B99C12F3-BE32-458E-81F7-040DC27171EB}.Debug|Any CPU.Build.0 = Debug|Any CPU
		{B99C12F3-BE32-458E-81F7-040DC27171EB}.Release|Any CPU.ActiveCfg = Release|Any CPU
		{B99C12F3-BE32-458E-81F7-040DC27171EB}.Release|Any CPU.Build.0 = Release|Any CPU
		{A463C438-132C-4B58-8194-D1CE0C36103E}.Debug|Any CPU.ActiveCfg = Debug|Any CPU
		{A463C438-132C-4B58-8194-D1CE0C36103E}.Debug|Any CPU.Build.0 = Debug|Any CPU
		{A463C438-132C-4B58-8194-D1CE0C36103E}.Release|Any CPU.ActiveCfg = Release|Any CPU
		{A463C438-132C-4B58-8194-D1CE0C36103E}.Release|Any CPU.Build.0 = Release|Any CPU
		{AFFBCA99-CAD4-4A65-BE63-55AB660EA7FE}.Debug|Any CPU.ActiveCfg = Debug|Any CPU
		{AFFBCA99-CAD4-4A65-BE63-55AB660EA7FE}.Debug|Any CPU.Build.0 = Debug|Any CPU
		{AFFBCA99-CAD4-4A65-BE63-55AB660EA7FE}.Release|Any CPU.ActiveCfg = Release|Any CPU
		{AFFBCA99-CAD4-4A65-BE63-55AB660EA7FE}.Release|Any CPU.Build.0 = Release|Any CPU
		{65330B2E-F3BE-468A-8D19-4E32486C6F15}.Debug|Any CPU.ActiveCfg = Debug|Any CPU
		{65330B2E-F3BE-468A-8D19-4E32486C6F15}.Debug|Any CPU.Build.0 = Debug|Any CPU
		{65330B2E-F3BE-468A-8D19-4E32486C6F15}.Release|Any CPU.ActiveCfg = Release|Any CPU
		{65330B2E-F3BE-468A-8D19-4E32486C6F15}.Release|Any CPU.Build.0 = Release|Any CPU
		{51E6A033-DDB5-4834-934D-AD54A3AF83B8}.Debug|Any CPU.ActiveCfg = Debug|Any CPU
		{51E6A033-DDB5-4834-934D-AD54A3AF83B8}.Debug|Any CPU.Build.0 = Debug|Any CPU
		{51E6A033-DDB5-4834-934D-AD54A3AF83B8}.Release|Any CPU.ActiveCfg = Release|Any CPU
		{51E6A033-DDB5-4834-934D-AD54A3AF83B8}.Release|Any CPU.Build.0 = Release|Any CPU
	EndGlobalSection
	GlobalSection(SolutionProperties) = preSolution
		HideSolutionNode = FALSE
	EndGlobalSection
	GlobalSection(NestedProjects) = preSolution
		{B99C12F3-BE32-458E-81F7-040DC27171EB} = {4AE32A8E-6CBE-4ED6-AAC2-8B15CC50EC03}
		{A463C438-132C-4B58-8194-D1CE0C36103E} = {4AE32A8E-6CBE-4ED6-AAC2-8B15CC50EC03}
		{AFFBCA99-CAD4-4A65-BE63-55AB660EA7FE} = {4AE32A8E-6CBE-4ED6-AAC2-8B15CC50EC03}
		{65330B2E-F3BE-468A-8D19-4E32486C6F15} = {4AE32A8E-6CBE-4ED6-AAC2-8B15CC50EC03}
		{51E6A033-DDB5-4834-934D-AD54A3AF83B8} = {4AE32A8E-6CBE-4ED6-AAC2-8B15CC50EC03}
	EndGlobalSection
	GlobalSection(ExtensibilityGlobals) = postSolution
		SolutionGuid = {04535859-CD8A-4944-96A5-278899932418}
	EndGlobalSection
EndGlobal
